
Microsoft Visual Studio Solution File, Format Version 12.00
# Visual Studio Version 16
VisualStudioVersion = 16.0.30717.126
MinimumVisualStudioVersion = 10.0.40219.1
Project("{FAE04EC0-301F-11D3-BF4B-00C04F79EFBC}") = "CurrencyConverter", "CurrencyConverter\CurrencyConverter.csproj", "{9907EA8A-E1DD-47DA-A3B3-827A0A79C3F9}"
EndProject
Global
	GlobalSection(SolutionConfigurationPlatforms) = preSolution
		Debug|Any CPU = Debug|Any CPU
		Release|Any CPU = Release|Any CPU
	EndGlobalSection
	GlobalSection(ProjectConfigurationPlatforms) = postSolution
		{9907EA8A-E1DD-47DA-A3B3-827A0A79C3F9}.Debug|Any CPU.ActiveCfg = Debug|Any CPU
		{9907EA8A-E1DD-47DA-A3B3-827A0A79C3F9}.Debug|Any CPU.Build.0 = Debug|Any CPU
		{9907EA8A-E1DD-47DA-A3B3-827A0A79C3F9}.Release|Any CPU.ActiveCfg = Release|Any CPU
		{9907EA8A-E1DD-47DA-A3B3-827A0A79C3F9}.Release|Any CPU.Build.0 = Release|Any CPU
	EndGlobalSection
	GlobalSection(SolutionProperties) = preSolution
		HideSolutionNode = FALSE
	EndGlobalSection
	GlobalSection(ExtensibilityGlobals) = postSolution
		SolutionGuid = {185612B1-A111-4C6D-B071-EEF9EDAA5384}
	EndGlobalSection
EndGlobal
