
Microsoft Visual Studio Solution File, Format Version 12.00
# Visual Studio Version 16
VisualStudioVersion = 16.0.30717.126
MinimumVisualStudioVersion = 10.0.40219.1
Project("{2150E333-8FDC-42A3-9474-1A3956D46DE8}") = "1 - Application", "1 - Application", "{6015E4EF-ED48-4604-B5D3-1BD953DC675F}"
EndProject
Project("{2150E333-8FDC-42A3-9474-1A3956D46DE8}") = "2 - Domain", "2 - Domain", "{CB3754FF-E4A3-4E17-9AF7-4A691D0B2AD2}"
EndProject
Project("{2150E333-8FDC-42A3-9474-1A3956D46DE8}") = "3 - Service", "3 - Service", "{5F8AE147-8D96-4366-BA5B-632B4DEEB23E}"
EndProject
Project("{2150E333-8FDC-42A3-9474-1A3956D46DE8}") = "4 - Infra", "4 - Infra", "{073D65E4-3137-4BB2-A476-EA644E89149A}"
EndProject
Project("{2150E333-8FDC-42A3-9474-1A3956D46DE8}") = "4.1 - Data", "4.1 - Data", "{5B093BA4-14B4-4AEC-AF86-9A7107A97113}"
EndProject
Project("{9A19103F-16F7-4668-BE54-9A1E7A4F7556}") = "CurrencyConverter.API", "CurrencyConverter.API\CurrencyConverter.API.csproj", "{139540A7-DF2C-4614-9386-83E808411759}"
EndProject
Project("{9A19103F-16F7-4668-BE54-9A1E7A4F7556}") = "CurrencyConverter.Domain", "CurrencyConverter.Domain\CurrencyConverter.Domain.csproj", "{A0446256-CB7D-4D9C-9915-7957E77B91F7}"
EndProject
Project("{9A19103F-16F7-4668-BE54-9A1E7A4F7556}") = "CurrencyConverter.Service", "CurrencyConverter.Service\CurrencyConverter.Service.csproj", "{20319ECB-B087-4359-8F58-531CAAF2138C}"
EndProject
Project("{9A19103F-16F7-4668-BE54-9A1E7A4F7556}") = "CurrencyConverter.Infra.Data", "CurrencyConverter.Infra.Data\CurrencyConverter.Infra.Data.csproj", "{213A46F6-2681-486F-9D5B-6984B0A72661}"
EndProject
Project("{2150E333-8FDC-42A3-9474-1A3956D46DE8}") = "4.2 - Ioc", "4.2 - Ioc", "{8D10DC35-10BC-4C2A-BE3F-524A0428F71B}"
EndProject
Project("{FAE04EC0-301F-11D3-BF4B-00C04F79EFBC}") = "CurrencyConverter.Infra.IoC", "CurrencyConverter.Infra.IoC\CurrencyConverter.Infra.IoC.csproj", "{036E4FD2-B829-4777-8CA6-0F4BF31C902A}"
EndProject
Project("{FAE04EC0-301F-11D3-BF4B-00C04F79EFBC}") = "CurrencyConverter.Test", "CurrencyConverter.Test\CurrencyConverter.Test.csproj", "{931779CD-DFE0-419F-9F50-8B2D4BEF285C}"
EndProject
Global
	GlobalSection(SolutionConfigurationPlatforms) = preSolution
		Debug|Any CPU = Debug|Any CPU
		Release|Any CPU = Release|Any CPU
	EndGlobalSection
	GlobalSection(ProjectConfigurationPlatforms) = postSolution
		{139540A7-DF2C-4614-9386-83E808411759}.Debug|Any CPU.ActiveCfg = Debug|Any CPU
		{139540A7-DF2C-4614-9386-83E808411759}.Debug|Any CPU.Build.0 = Debug|Any CPU
		{139540A7-DF2C-4614-9386-83E808411759}.Release|Any CPU.ActiveCfg = Release|Any CPU
		{139540A7-DF2C-4614-9386-83E808411759}.Release|Any CPU.Build.0 = Release|Any CPU
		{A0446256-CB7D-4D9C-9915-7957E77B91F7}.Debug|Any CPU.ActiveCfg = Debug|Any CPU
		{A0446256-CB7D-4D9C-9915-7957E77B91F7}.Debug|Any CPU.Build.0 = Debug|Any CPU
		{A0446256-CB7D-4D9C-9915-7957E77B91F7}.Release|Any CPU.ActiveCfg = Release|Any CPU
		{A0446256-CB7D-4D9C-9915-7957E77B91F7}.Release|Any CPU.Build.0 = Release|Any CPU
		{20319ECB-B087-4359-8F58-531CAAF2138C}.Debug|Any CPU.ActiveCfg = Debug|Any CPU
		{20319ECB-B087-4359-8F58-531CAAF2138C}.Debug|Any CPU.Build.0 = Debug|Any CPU
		{20319ECB-B087-4359-8F58-531CAAF2138C}.Release|Any CPU.ActiveCfg = Release|Any CPU
		{20319ECB-B087-4359-8F58-531CAAF2138C}.Release|Any CPU.Build.0 = Release|Any CPU
		{213A46F6-2681-486F-9D5B-6984B0A72661}.Debug|Any CPU.ActiveCfg = Debug|Any CPU
		{213A46F6-2681-486F-9D5B-6984B0A72661}.Debug|Any CPU.Build.0 = Debug|Any CPU
		{213A46F6-2681-486F-9D5B-6984B0A72661}.Release|Any CPU.ActiveCfg = Release|Any CPU
		{213A46F6-2681-486F-9D5B-6984B0A72661}.Release|Any CPU.Build.0 = Release|Any CPU
		{036E4FD2-B829-4777-8CA6-0F4BF31C902A}.Debug|Any CPU.ActiveCfg = Debug|Any CPU
		{036E4FD2-B829-4777-8CA6-0F4BF31C902A}.Debug|Any CPU.Build.0 = Debug|Any CPU
		{036E4FD2-B829-4777-8CA6-0F4BF31C902A}.Release|Any CPU.ActiveCfg = Release|Any CPU
		{036E4FD2-B829-4777-8CA6-0F4BF31C902A}.Release|Any CPU.Build.0 = Release|Any CPU
		{931779CD-DFE0-419F-9F50-8B2D4BEF285C}.Debug|Any CPU.ActiveCfg = Debug|Any CPU
		{931779CD-DFE0-419F-9F50-8B2D4BEF285C}.Debug|Any CPU.Build.0 = Debug|Any CPU
		{931779CD-DFE0-419F-9F50-8B2D4BEF285C}.Release|Any CPU.ActiveCfg = Release|Any CPU
		{931779CD-DFE0-419F-9F50-8B2D4BEF285C}.Release|Any CPU.Build.0 = Release|Any CPU
	EndGlobalSection
	GlobalSection(SolutionProperties) = preSolution
		HideSolutionNode = FALSE
	EndGlobalSection
	GlobalSection(NestedProjects) = preSolution
		{5B093BA4-14B4-4AEC-AF86-9A7107A97113} = {073D65E4-3137-4BB2-A476-EA644E89149A}
		{139540A7-DF2C-4614-9386-83E808411759} = {6015E4EF-ED48-4604-B5D3-1BD953DC675F}
		{A0446256-CB7D-4D9C-9915-7957E77B91F7} = {CB3754FF-E4A3-4E17-9AF7-4A691D0B2AD2}
		{20319ECB-B087-4359-8F58-531CAAF2138C} = {5F8AE147-8D96-4366-BA5B-632B4DEEB23E}
		{213A46F6-2681-486F-9D5B-6984B0A72661} = {5B093BA4-14B4-4AEC-AF86-9A7107A97113}
		{8D10DC35-10BC-4C2A-BE3F-524A0428F71B} = {073D65E4-3137-4BB2-A476-EA644E89149A}
		{036E4FD2-B829-4777-8CA6-0F4BF31C902A} = {8D10DC35-10BC-4C2A-BE3F-524A0428F71B}
	EndGlobalSection
	GlobalSection(ExtensibilityGlobals) = postSolution
		SolutionGuid = {185612B1-A111-4C6D-B071-EEF9EDAA5384}
	EndGlobalSection
EndGlobal
